<?xml version="1.0" encoding="utf-8"?>
<Project ToolsVersion="4.0" xmlns="http://schemas.microsoft.com/developer/msbuild/2003">
  <ItemGroup>
    <Filter Include="Kingo">
      <UniqueIdentifier>{5DA3870D-C9B7-AFBE-9239-531EFE0CACEF}</UniqueIdentifier>
    </Filter>
    <Filter Include="Kingo\Events">
      <UniqueIdentifier>{A1449239-8DA7-21DE-362D-5A94226FED60}</UniqueIdentifier>
    </Filter>
  </ItemGroup>
  <ItemGroup>
    <ClInclude Include="Sources\Kingo.h" />
    <ClInclude Include="Sources\Kingo\Application.h">
      <Filter>Kingo</Filter>
    </ClInclude>
    <ClInclude Include="Sources\Kingo\Core.h">
      <Filter>Kingo</Filter>
    </ClInclude>
    <ClInclude Include="Sources\Kingo\EntryPoint.h">
      <Filter>Kingo</Filter>
    </ClInclude>
    <ClInclude Include="Sources\Kingo\Events\ApplicationEvent.h">
      <Filter>Kingo\Events</Filter>
    </ClInclude>
    <ClInclude Include="Sources\Kingo\Events\Event.h">
      <Filter>Kingo\Events</Filter>
    </ClInclude>
    <ClInclude Include="Sources\Kingo\Events\KeyEvent.h">
      <Filter>Kingo\Events</Filter>
    </ClInclude>
    <ClInclude Include="Sources\Kingo\Events\MouseEvent.h">
      <Filter>Kingo\Events</Filter>
    </ClInclude>
    <ClInclude Include="Sources\Kingo\Log.h">
      <Filter>Kingo</Filter>
    </ClInclude>
    <ClInclude Include="Sources\kepch.h" />
  </ItemGroup>
  <ItemGroup>
    <ClCompile Include="Sources\Kingo\Application.cpp">
      <Filter>Kingo</Filter>
    </ClCompile>
    <ClCompile Include="Sources\Kingo\Log.cpp">
      <Filter>Kingo</Filter>
    </ClCompile>
    <ClCompile Include="Sources\kepch.cpp" />
  </ItemGroup>
</Project>